
Microsoft Visual Studio Solution File, Format Version 12.00
# Visual Studio Version 16
VisualStudioVersion = 16.0.31025.194
MinimumVisualStudioVersion = 10.0.40219.1
Project("{FAE04EC0-301F-11D3-BF4B-00C04F79EFBC}") = "izvp_pr_3_4", "izvp_pr_3_4\izvp_pr_3_4.csproj", "{7A72BDEB-5683-4911-9168-87483A805711}"
EndProject
Global
	GlobalSection(SolutionConfigurationPlatforms) = preSolution
		Debug|Any CPU = Debug|Any CPU
		Release|Any CPU = Release|Any CPU
	EndGlobalSection
	GlobalSection(ProjectConfigurationPlatforms) = postSolution
		{7A72BDEB-5683-4911-9168-87483A805711}.Debug|Any CPU.ActiveCfg = Debug|Any CPU
		{7A72BDEB-5683-4911-9168-87483A805711}.Debug|Any CPU.Build.0 = Debug|Any CPU
		{7A72BDEB-5683-4911-9168-87483A805711}.Release|Any CPU.ActiveCfg = Release|Any CPU
		{7A72BDEB-5683-4911-9168-87483A805711}.Release|Any CPU.Build.0 = Release|Any CPU
	EndGlobalSection
	GlobalSection(SolutionProperties) = preSolution
		HideSolutionNode = FALSE
	EndGlobalSection
	GlobalSection(ExtensibilityGlobals) = postSolution
		SolutionGuid = {EA1B3D34-D482-4A34-8C0D-77CB028B2124}
	EndGlobalSection
EndGlobal
